
Microsoft Visual Studio Solution File, Format Version 12.00
# Visual Studio Version 16
VisualStudioVersion = 16.0.29306.81
MinimumVisualStudioVersion = 10.0.40219.1
Project("{FAE04EC0-301F-11D3-BF4B-00C04F79EFBC}") = "Homework3", "Homework3.csproj", "{9C30BC6A-BF93-45BE-A1BE-9957A4DE78DA}"
EndProject
Global
	GlobalSection(SolutionConfigurationPlatforms) = preSolution
		Debug|Any CPU = Debug|Any CPU
		Release|Any CPU = Release|Any CPU
	EndGlobalSection
	GlobalSection(ProjectConfigurationPlatforms) = postSolution
		{9C30BC6A-BF93-45BE-A1BE-9957A4DE78DA}.Debug|Any CPU.ActiveCfg = Debug|Any CPU
		{9C30BC6A-BF93-45BE-A1BE-9957A4DE78DA}.Debug|Any CPU.Build.0 = Debug|Any CPU
		{9C30BC6A-BF93-45BE-A1BE-9957A4DE78DA}.Release|Any CPU.ActiveCfg = Release|Any CPU
		{9C30BC6A-BF93-45BE-A1BE-9957A4DE78DA}.Release|Any CPU.Build.0 = Release|Any CPU
	EndGlobalSection
	GlobalSection(SolutionProperties) = preSolution
		HideSolutionNode = FALSE
	EndGlobalSection
	GlobalSection(ExtensibilityGlobals) = postSolution
		SolutionGuid = {CFBCC684-52BF-4016-8E7C-0853B8B570F9}
	EndGlobalSection
EndGlobal
