
Microsoft Visual Studio Solution File, Format Version 12.00
# Visual Studio Version 16
VisualStudioVersion = 16.0.29306.81
MinimumVisualStudioVersion = 10.0.40219.1
Project("{FAE04EC0-301F-11D3-BF4B-00C04F79EFBC}") = "Homework2", "Homework2\Homework2.csproj", "{F89746F5-004B-4728-A491-7214B072A38F}"
EndProject
Global
	GlobalSection(SolutionConfigurationPlatforms) = preSolution
		Debug|Any CPU = Debug|Any CPU
		Release|Any CPU = Release|Any CPU
	EndGlobalSection
	GlobalSection(ProjectConfigurationPlatforms) = postSolution
		{F89746F5-004B-4728-A491-7214B072A38F}.Debug|Any CPU.ActiveCfg = Debug|Any CPU
		{F89746F5-004B-4728-A491-7214B072A38F}.Debug|Any CPU.Build.0 = Debug|Any CPU
		{F89746F5-004B-4728-A491-7214B072A38F}.Release|Any CPU.ActiveCfg = Release|Any CPU
		{F89746F5-004B-4728-A491-7214B072A38F}.Release|Any CPU.Build.0 = Release|Any CPU
	EndGlobalSection
	GlobalSection(SolutionProperties) = preSolution
		HideSolutionNode = FALSE
	EndGlobalSection
	GlobalSection(ExtensibilityGlobals) = postSolution
		SolutionGuid = {A73E7D69-646C-49EA-9F90-BEF42282FBEB}
	EndGlobalSection
EndGlobal
